
Microsoft Visual Studio Solution File, Format Version 12.00
# Visual Studio Version 16
VisualStudioVersion = 16.0.32407.337
MinimumVisualStudioVersion = 10.0.40219.1
Project("{FAE04EC0-301F-11D3-BF4B-00C04F79EFBC}") = "RUAP_LV4", "RUAP_LV4\RUAP_LV4.csproj", "{132E955D-3063-43E3-9B9A-56F6737A5994}"
EndProject
Global
	GlobalSection(SolutionConfigurationPlatforms) = preSolution
		Debug|Any CPU = Debug|Any CPU
		Release|Any CPU = Release|Any CPU
	EndGlobalSection
	GlobalSection(ProjectConfigurationPlatforms) = postSolution
		{132E955D-3063-43E3-9B9A-56F6737A5994}.Debug|Any CPU.ActiveCfg = Debug|Any CPU
		{132E955D-3063-43E3-9B9A-56F6737A5994}.Debug|Any CPU.Build.0 = Debug|Any CPU
		{132E955D-3063-43E3-9B9A-56F6737A5994}.Release|Any CPU.ActiveCfg = Release|Any CPU
		{132E955D-3063-43E3-9B9A-56F6737A5994}.Release|Any CPU.Build.0 = Release|Any CPU
	EndGlobalSection
	GlobalSection(SolutionProperties) = preSolution
		HideSolutionNode = FALSE
	EndGlobalSection
	GlobalSection(ExtensibilityGlobals) = postSolution
		SolutionGuid = {7CF0519B-465D-4F95-BEF3-6F4091793EDA}
	EndGlobalSection
EndGlobal
